{
  "name": "example-project",
  "version": "1.0.0",
  "lockfileVersion": 2,
  "requires": true,
  "dependencies": {
    "dep1": {
      "version": "1.0.0",
      "resolved": "https://registry.npmjs.org/dep1/-/dep1-1.0.0.tgz",
      "integrity": "sha512-abc123",
      "requires": {
        "dep2": "2.0.0"
      }
    },
    "dep2": {
      "version": "2.0.0",
      "resolved": "https://registry.npmjs.org/dep2/-/dep2-2.0.0.tgz",
      "integrity": "sha512-def456",
      "requires": {
        "dep3": "3.0.0",
        "dep4": "4.0.0"
      }
    },
    "dep3": {
      "version": "3.0.0",
      "resolved": "https://registry.npmjs.org/dep3/-/dep3-3.0.0.tgz",
      "integrity": "sha512-ghi789"
    },
    "dep4": {
      "version": "4.0.0",
      "resolved": "https://registry.npmjs.org/dep4/-/dep4-4.0.0.tgz",
      "integrity": "sha512-jkl012"
    },
    "dep5": {
      "version": "5.0.0",
      "resolved": "https://registry.npmjs.org/dep5/-/dep5-5.0.0.tgz",
      "integrity": "sha512-mno345"
    }
  }
}
  